<?xml version="1.0" encoding="utf-8"?>
<Project ToolsVersion="4.0" xmlns="http://schemas.microsoft.com/developer/msbuild/2003">
  <ItemGroup>
    <Filter Include="源文件">
      <UniqueIdentifier>{4FC737F1-C7A5-4376-A066-2A32D752A2FF}</UniqueIdentifier>
      <Extensions>cpp;c;cc;cxx;def;odl;idl;hpj;bat;asm;asmx</Extensions>
    </Filter>
    <Filter Include="头文件">
      <UniqueIdentifier>{93995380-89BD-4b04-88EB-625FBE52EBFB}</UniqueIdentifier>
      <Extensions>h;hh;hpp;hxx;hm;inl;inc;ipp;xsd</Extensions>
    </Filter>
    <Filter Include="资源文件">
      <UniqueIdentifier>{67DA6AB6-F800-4c08-8B7A-83BB121AAD01}</UniqueIdentifier>
      <Extensions>rc;ico;cur;bmp;dlg;rc2;rct;bin;rgs;gif;jpg;jpeg;jpe;resx;tiff;tif;png;wav;mfcribbon-ms</Extensions>
    </Filter>
    <Filter Include="源文件\ThirdParty">
      <UniqueIdentifier>{4613d0aa-ff99-468b-8207-c568249cfd29}</UniqueIdentifier>
    </Filter>
    <Filter Include="源文件\ThirdParty\imgui">
      <UniqueIdentifier>{5449540b-e662-4a47-98f4-7e9f3ecd4526}</UniqueIdentifier>
    </Filter>
    <Filter Include="源文件\ThirdParty\imgui\Private">
      <UniqueIdentifier>{57e3315e-da72-4051-93cb-fdf4ecef5295}</UniqueIdentifier>
    </Filter>
    <Filter Include="源文件\ThirdParty\imgui\Public">
      <UniqueIdentifier>{33f660bb-f012-4764-b6b7-2f02e9d659ac}</UniqueIdentifier>
    </Filter>
    <Filter Include="源文件\ThirdParty\glad">
      <UniqueIdentifier>{faa45be0-d6eb-47ad-9fd4-bcabbfc114c6}</UniqueIdentifier>
    </Filter>
    <Filter Include="源文件\Runtime">
      <UniqueIdentifier>{a0739a02-ac30-44f4-b615-068957b17459}</UniqueIdentifier>
    </Filter>
    <Filter Include="源文件\Runtime\Window">
      <UniqueIdentifier>{2dc3e748-242d-4dcc-8bc5-0b4ce9ff35d3}</UniqueIdentifier>
    </Filter>
  </ItemGroup>
  <ItemGroup>
    <Image Include="small.ico">
      <Filter>资源文件</Filter>
    </Image>
    <Image Include="StarEngine.ico">
      <Filter>资源文件</Filter>
    </Image>
  </ItemGroup>
  <ItemGroup>
    <ClCompile Include="Source\ThirdParty\imgui\imgui_impl_win32.cpp">
      <Filter>源文件\ThirdParty\imgui\Private</Filter>
    </ClCompile>
    <ClCompile Include="Source\ThirdParty\imgui\imgui.cpp">
      <Filter>源文件\ThirdParty\imgui\Private</Filter>
    </ClCompile>
    <ClCompile Include="Source\ThirdParty\imgui\imgui_demo.cpp">
      <Filter>源文件\ThirdParty\imgui\Private</Filter>
    </ClCompile>
    <ClCompile Include="Source\ThirdParty\imgui\imgui_draw.cpp">
      <Filter>源文件\ThirdParty\imgui\Private</Filter>
    </ClCompile>
    <ClCompile Include="Source\ThirdParty\imgui\imgui_impl_dx9.cpp">
      <Filter>源文件\ThirdParty\imgui\Private</Filter>
    </ClCompile>
    <ClCompile Include="Source\ThirdParty\imgui\imgui_impl_dx10.cpp">
      <Filter>源文件\ThirdParty\imgui\Private</Filter>
    </ClCompile>
    <ClCompile Include="Source\ThirdParty\imgui\imgui_impl_dx11.cpp">
      <Filter>源文件\ThirdParty\imgui\Private</Filter>
    </ClCompile>
    <ClCompile Include="Source\ThirdParty\imgui\imgui_impl_glfw.cpp">
      <Filter>源文件\ThirdParty\imgui\Private</Filter>
    </ClCompile>
    <ClCompile Include="Source\ThirdParty\imgui\imgui_impl_opengl2.cpp">
      <Filter>源文件\ThirdParty\imgui\Private</Filter>
    </ClCompile>
    <ClCompile Include="Source\ThirdParty\imgui\imgui_impl_opengl3.cpp">
      <Filter>源文件\ThirdParty\imgui\Private</Filter>
    </ClCompile>
    <ClCompile Include="Source\ThirdParty\imgui\imgui_widgets.cpp">
      <Filter>源文件\ThirdParty\imgui\Private</Filter>
    </ClCompile>
    <ClCompile Include="Source\ThirdParty\glad\glad.c">
      <Filter>源文件\ThirdParty\glad</Filter>
    </ClCompile>
    <ClCompile Include="Source\Runtime\Main.cpp">
      <Filter>源文件\Runtime</Filter>
    </ClCompile>
    <ClCompile Include="Source\Core\SObject\SObject.cpp">
      <Filter>源文件</Filter>
    </ClCompile>
    <ClCompile Include="Source\Runtime\SBaseWindow\SBaseWindow.cpp">
      <Filter>源文件</Filter>
    </ClCompile>
    <ClCompile Include="Source\Runtime\SBaseWindow\SBaseWindowMgr.cpp">
      <Filter>源文件</Filter>
    </ClCompile>
    <ClCompile Include="Source\pch.cpp">
      <Filter>源文件</Filter>
    </ClCompile>
    <ClCompile Include="Source\Core\Math\SMath.cpp">
      <Filter>源文件</Filter>
    </ClCompile>
    <ClCompile Include="Source\Core\Math\SMatrix.cpp">
      <Filter>源文件</Filter>
    </ClCompile>
    <ClCompile Include="Source\Core\Math\SVector.cpp">
      <Filter>源文件</Filter>
    </ClCompile>
    <ClCompile Include="Source\Runtime\GC\SGarbageCollectionMgr.cpp">
      <Filter>源文件</Filter>
    </ClCompile>
    <ClCompile Include="Source\Core\TestRefClass.cpp">
      <Filter>源文件</Filter>
    </ClCompile>
    <ClCompile Include="Source\Core\StarEngine\StarEngine.cpp">
      <Filter>源文件</Filter>
    </ClCompile>
    <ClCompile Include="Source\Render\SRender.cpp">
      <Filter>源文件</Filter>
    </ClCompile>
    <ClCompile Include="Source\Editor\SWindow\MainEditorWindow.cpp">
      <Filter>源文件</Filter>
    </ClCompile>
    <ClCompile Include="Source\Editor\SWindow\SLayoutWindow.cpp">
      <Filter>源文件</Filter>
    </ClCompile>
    <ClCompile Include="Source\Editor\SWindow\SWidget.cpp">
      <Filter>源文件</Filter>
    </ClCompile>
    <ClCompile Include="Source\Editor\SWindow\SWindow.cpp">
      <Filter>源文件</Filter>
    </ClCompile>
  </ItemGroup>
  <ItemGroup>
    <ClInclude Include="Source\ThirdParty\imgui\imconfig.h">
      <Filter>源文件\ThirdParty\imgui\Public</Filter>
    </ClInclude>
    <ClInclude Include="Source\ThirdParty\imgui\imgui.h">
      <Filter>源文件\ThirdParty\imgui\Public</Filter>
    </ClInclude>
    <ClInclude Include="Source\ThirdParty\imgui\imgui_impl_dx9.h">
      <Filter>源文件\ThirdParty\imgui\Public</Filter>
    </ClInclude>
    <ClInclude Include="Source\ThirdParty\imgui\imgui_impl_dx10.h">
      <Filter>源文件\ThirdParty\imgui\Public</Filter>
    </ClInclude>
    <ClInclude Include="Source\ThirdParty\imgui\imgui_impl_dx11.h">
      <Filter>源文件\ThirdParty\imgui\Public</Filter>
    </ClInclude>
    <ClInclude Include="Source\ThirdParty\imgui\imgui_impl_dx12.h">
      <Filter>源文件\ThirdParty\imgui\Public</Filter>
    </ClInclude>
    <ClInclude Include="Source\ThirdParty\imgui\imgui_impl_glfw.h">
      <Filter>源文件\ThirdParty\imgui\Public</Filter>
    </ClInclude>
    <ClInclude Include="Source\ThirdParty\imgui\imgui_impl_opengl2.h">
      <Filter>源文件\ThirdParty\imgui\Public</Filter>
    </ClInclude>
    <ClInclude Include="Source\ThirdParty\imgui\imgui_impl_opengl3.h">
      <Filter>源文件\ThirdParty\imgui\Public</Filter>
    </ClInclude>
    <ClInclude Include="Source\ThirdParty\imgui\imgui_impl_win32.h">
      <Filter>源文件\ThirdParty\imgui\Public</Filter>
    </ClInclude>
    <ClInclude Include="Source\ThirdParty\imgui\imgui_internal.h">
      <Filter>源文件\ThirdParty\imgui\Public</Filter>
    </ClInclude>
    <ClInclude Include="Source\ThirdParty\imgui\imstb_rectpack.h">
      <Filter>源文件\ThirdParty\imgui\Public</Filter>
    </ClInclude>
    <ClInclude Include="Source\ThirdParty\imgui\imstb_textedit.h">
      <Filter>源文件\ThirdParty\imgui\Public</Filter>
    </ClInclude>
    <ClInclude Include="Source\ThirdParty\imgui\imstb_truetype.h">
      <Filter>源文件\ThirdParty\imgui\Public</Filter>
    </ClInclude>
    <ClInclude Include="Source\Core\SObject\SObject.h">
      <Filter>头文件</Filter>
    </ClInclude>
    <ClInclude Include="Source\Runtime\SBaseWindow\SBaseWindow.h">
      <Filter>头文件</Filter>
    </ClInclude>
    <ClInclude Include="Source\Runtime\SBaseWindow\SBaseWindowMgr.h">
      <Filter>头文件</Filter>
    </ClInclude>
    <ClInclude Include="Source\Define\Define.h">
      <Filter>头文件</Filter>
    </ClInclude>
    <ClInclude Include="Source\pch.h">
      <Filter>头文件</Filter>
    </ClInclude>
    <ClInclude Include="Source\Core\Math\SMath.h">
      <Filter>头文件</Filter>
    </ClInclude>
    <ClInclude Include="Source\Core\Math\SMatrix.h">
      <Filter>头文件</Filter>
    </ClInclude>
    <ClInclude Include="Source\Core\Math\SVector.h">
      <Filter>头文件</Filter>
    </ClInclude>
    <ClInclude Include="Source\Runtime\GC\SGarbageCollectionMgr.h">
      <Filter>头文件</Filter>
    </ClInclude>
    <ClInclude Include="Source\Core\TestRefClass.h">
      <Filter>头文件</Filter>
    </ClInclude>
    <ClInclude Include="StarRefCode\TestRefClassStarCode.h">
      <Filter>头文件</Filter>
    </ClInclude>
    <ClInclude Include="Source\Core\StarEngine\StarEngine.h">
      <Filter>头文件</Filter>
    </ClInclude>
    <ClInclude Include="Source\Render\SRender.h">
      <Filter>头文件</Filter>
    </ClInclude>
    <ClInclude Include="ThirdParty\include\glad\glad.h">
      <Filter>头文件</Filter>
    </ClInclude>
    <ClInclude Include="ThirdParty\include\KHR\khrplatform.h">
      <Filter>头文件</Filter>
    </ClInclude>
    <ClInclude Include="Source\Editor\SWindow\MainEditorWindow.h">
      <Filter>头文件</Filter>
    </ClInclude>
    <ClInclude Include="Source\Editor\SWindow\SLayoutWindow.h">
      <Filter>头文件</Filter>
    </ClInclude>
    <ClInclude Include="Source\Editor\SWindow\SWidget.h">
      <Filter>头文件</Filter>
    </ClInclude>
    <ClInclude Include="Source\Editor\SWindow\SWindow.h">
      <Filter>头文件</Filter>
    </ClInclude>
  </ItemGroup>
</Project>